{
  "nodes": {
    "home-manager": {
      "inputs": {
        "nixpkgs": [
          "nixpkgs"
        ]
      },
      "locked": {
        "lastModified": 1750127463,
        "narHash": "sha256-K2xFtlD3PcKAZriOE3LaBLYmVfGQu+rIF4Jr1RFYR0Q=",
        "owner": "nix-community",
        "repo": "home-manager",
        "rev": "28eef8722d1af18ca13e687dbf485e1c653a0402",
        "type": "github"
      },
      "original": {
        "owner": "nix-community",
        "repo": "home-manager",
        "type": "github"
      }
    },
    "nixpkgs": {
      "locked": {
        "lastModified": 1749903597,
        "narHash": "sha256-jp0D4vzBcRKwNZwfY4BcWHemLGUs4JrS3X9w5k/JYDA=",
        "owner": "NixOS",
        "repo": "nixpkgs",
        "rev": "41da1e3ea8e23e094e5e3eeb1e6b830468a7399e",
        "type": "github"
      },
      "original": {
        "owner": "NixOS",
        "ref": "nixpkgs-unstable",
        "repo": "nixpkgs",
        "type": "github"
      }
    },
    "root": {
      "inputs": {
        "home-manager": "home-manager",
        "nixpkgs": "nixpkgs"
      }
    }
  },
  "root": "root",
  "version": 7
}
